
Microsoft Visual Studio Solution File, Format Version 12.00
# Visual Studio Version 17
VisualStudioVersion = 17.14.36408.4 d17.14
MinimumVisualStudioVersion = 10.0.40219.1
Project("{FAE04EC0-301F-11D3-BF4B-00C04F79EFBC}") = "MusicSchoolWpf", "MusicSchoolWpf.csproj", "{69BD23D4-E3D0-4769-A991-F61170AF7053}"
EndProject
Global
	GlobalSection(SolutionConfigurationPlatforms) = preSolution
		Debug|Any CPU = Debug|Any CPU
		Release|Any CPU = Release|Any CPU
	EndGlobalSection
	GlobalSection(ProjectConfigurationPlatforms) = postSolution
		{69BD23D4-E3D0-4769-A991-F61170AF7053}.Debug|Any CPU.ActiveCfg = Debug|Any CPU
		{69BD23D4-E3D0-4769-A991-F61170AF7053}.Debug|Any CPU.Build.0 = Debug|Any CPU
		{69BD23D4-E3D0-4769-A991-F61170AF7053}.Release|Any CPU.ActiveCfg = Release|Any CPU
		{69BD23D4-E3D0-4769-A991-F61170AF7053}.Release|Any CPU.Build.0 = Release|Any CPU
	EndGlobalSection
	GlobalSection(SolutionProperties) = preSolution
		HideSolutionNode = FALSE
	EndGlobalSection
	GlobalSection(ExtensibilityGlobals) = postSolution
		SolutionGuid = {E7AB2F39-0A9F-491F-9138-CFAC6D5A71F1}
	EndGlobalSection
EndGlobal
